
Microsoft Visual Studio Solution File, Format Version 12.00
# Visual Studio 2012
Project("{FAE04EC0-301F-11D3-BF4B-00C04F79EFBC}") = "ListSample.Android", "ListSample.Android\ListSample.Android.csproj", "{2AA9E501-0A06-448E-8A74-4B3F443A60C8}"
EndProject
Project("{FAE04EC0-301F-11D3-BF4B-00C04F79EFBC}") = "ListSample.iOS", "ListSample.iOS\ListSample.iOS.csproj", "{01C62311-F69E-4338-BADF-C3A4CE993597}"
EndProject
Project("{D954291E-2A0B-460D-934E-DC6B0785DB48}") = "ListSample", "ListSample\ListSample.shproj", "{AA50874A-FF32-44BD-84D2-DB5B0279A132}"
EndProject
Global
	GlobalSection(SolutionConfigurationPlatforms) = preSolution
		Debug|Any CPU = Debug|Any CPU
		Release|Any CPU = Release|Any CPU
		Debug|iPhoneSimulator = Debug|iPhoneSimulator
		Release|iPhoneSimulator = Release|iPhoneSimulator
		Debug|iPhone = Debug|iPhone
		Release|iPhone = Release|iPhone
		Ad-Hoc|iPhone = Ad-Hoc|iPhone
		AppStore|iPhone = AppStore|iPhone
	EndGlobalSection
	GlobalSection(ProjectConfigurationPlatforms) = postSolution
		{2AA9E501-0A06-448E-8A74-4B3F443A60C8}.Debug|Any CPU.ActiveCfg = Debug|Any CPU
		{2AA9E501-0A06-448E-8A74-4B3F443A60C8}.Debug|Any CPU.Build.0 = Debug|Any CPU
		{2AA9E501-0A06-448E-8A74-4B3F443A60C8}.Release|Any CPU.ActiveCfg = Release|Any CPU
		{2AA9E501-0A06-448E-8A74-4B3F443A60C8}.Release|Any CPU.Build.0 = Release|Any CPU
		{2AA9E501-0A06-448E-8A74-4B3F443A60C8}.Debug|iPhoneSimulator.ActiveCfg = Debug|Any CPU
		{2AA9E501-0A06-448E-8A74-4B3F443A60C8}.Debug|iPhoneSimulator.Build.0 = Debug|Any CPU
		{2AA9E501-0A06-448E-8A74-4B3F443A60C8}.Release|iPhoneSimulator.ActiveCfg = Release|Any CPU
		{2AA9E501-0A06-448E-8A74-4B3F443A60C8}.Release|iPhoneSimulator.Build.0 = Release|Any CPU
		{2AA9E501-0A06-448E-8A74-4B3F443A60C8}.Debug|iPhone.ActiveCfg = Debug|Any CPU
		{2AA9E501-0A06-448E-8A74-4B3F443A60C8}.Debug|iPhone.Build.0 = Debug|Any CPU
		{2AA9E501-0A06-448E-8A74-4B3F443A60C8}.Release|iPhone.ActiveCfg = Release|Any CPU
		{2AA9E501-0A06-448E-8A74-4B3F443A60C8}.Release|iPhone.Build.0 = Release|Any CPU
		{2AA9E501-0A06-448E-8A74-4B3F443A60C8}.Ad-Hoc|iPhone.ActiveCfg = Debug|Any CPU
		{2AA9E501-0A06-448E-8A74-4B3F443A60C8}.Ad-Hoc|iPhone.Build.0 = Debug|Any CPU
		{2AA9E501-0A06-448E-8A74-4B3F443A60C8}.AppStore|iPhone.ActiveCfg = Debug|Any CPU
		{2AA9E501-0A06-448E-8A74-4B3F443A60C8}.AppStore|iPhone.Build.0 = Debug|Any CPU
		{01C62311-F69E-4338-BADF-C3A4CE993597}.Debug|Any CPU.ActiveCfg = Debug|iPhoneSimulator
		{01C62311-F69E-4338-BADF-C3A4CE993597}.Debug|Any CPU.Build.0 = Debug|iPhoneSimulator
		{01C62311-F69E-4338-BADF-C3A4CE993597}.Release|Any CPU.ActiveCfg = Release|iPhoneSimulator
		{01C62311-F69E-4338-BADF-C3A4CE993597}.Release|Any CPU.Build.0 = Release|iPhoneSimulator
		{01C62311-F69E-4338-BADF-C3A4CE993597}.Debug|iPhoneSimulator.ActiveCfg = Debug|iPhoneSimulator
		{01C62311-F69E-4338-BADF-C3A4CE993597}.Debug|iPhoneSimulator.Build.0 = Debug|iPhoneSimulator
		{01C62311-F69E-4338-BADF-C3A4CE993597}.Release|iPhoneSimulator.ActiveCfg = Release|iPhoneSimulator
		{01C62311-F69E-4338-BADF-C3A4CE993597}.Release|iPhoneSimulator.Build.0 = Release|iPhoneSimulator
		{01C62311-F69E-4338-BADF-C3A4CE993597}.Debug|iPhone.ActiveCfg = Debug|iPhone
		{01C62311-F69E-4338-BADF-C3A4CE993597}.Debug|iPhone.Build.0 = Debug|iPhone
		{01C62311-F69E-4338-BADF-C3A4CE993597}.Release|iPhone.ActiveCfg = Release|iPhone
		{01C62311-F69E-4338-BADF-C3A4CE993597}.Release|iPhone.Build.0 = Release|iPhone
		{01C62311-F69E-4338-BADF-C3A4CE993597}.Ad-Hoc|iPhone.ActiveCfg = Ad-Hoc|iPhone
		{01C62311-F69E-4338-BADF-C3A4CE993597}.Ad-Hoc|iPhone.Build.0 = Ad-Hoc|iPhone
		{01C62311-F69E-4338-BADF-C3A4CE993597}.AppStore|iPhone.ActiveCfg = AppStore|iPhone
		{01C62311-F69E-4338-BADF-C3A4CE993597}.AppStore|iPhone.Build.0 = AppStore|iPhone
	EndGlobalSection
EndGlobal
